
Microsoft Visual Studio Solution File, Format Version 12.00
# Visual Studio 15
VisualStudioVersion = 15.0.28307.852
MinimumVisualStudioVersion = 10.0.40219.1
Project("{FAE04EC0-301F-11D3-BF4B-00C04F79EFBC}") = "PROG2070Assign2", "PROG2070Assign2\PROG2070Assign2.csproj", "{5F533AB0-65D7-465E-8EA2-D13CC7529A6F}"
EndProject
Project("{FAE04EC0-301F-11D3-BF4B-00C04F79EFBC}") = "PROG2070Assign2.Tests", "PROG2070Assign2.Tests\PROG2070Assign2.Tests.csproj", "{220EEAD5-ACE9-4527-81AD-F19B2103DE45}"
EndProject
Global
	GlobalSection(SolutionConfigurationPlatforms) = preSolution
		Debug|Any CPU = Debug|Any CPU
		Release|Any CPU = Release|Any CPU
	EndGlobalSection
	GlobalSection(ProjectConfigurationPlatforms) = postSolution
		{5F533AB0-65D7-465E-8EA2-D13CC7529A6F}.Debug|Any CPU.ActiveCfg = Debug|Any CPU
		{5F533AB0-65D7-465E-8EA2-D13CC7529A6F}.Debug|Any CPU.Build.0 = Debug|Any CPU
		{5F533AB0-65D7-465E-8EA2-D13CC7529A6F}.Release|Any CPU.ActiveCfg = Release|Any CPU
		{5F533AB0-65D7-465E-8EA2-D13CC7529A6F}.Release|Any CPU.Build.0 = Release|Any CPU
		{220EEAD5-ACE9-4527-81AD-F19B2103DE45}.Debug|Any CPU.ActiveCfg = Debug|Any CPU
		{220EEAD5-ACE9-4527-81AD-F19B2103DE45}.Debug|Any CPU.Build.0 = Debug|Any CPU
		{220EEAD5-ACE9-4527-81AD-F19B2103DE45}.Release|Any CPU.ActiveCfg = Release|Any CPU
		{220EEAD5-ACE9-4527-81AD-F19B2103DE45}.Release|Any CPU.Build.0 = Release|Any CPU
	EndGlobalSection
	GlobalSection(SolutionProperties) = preSolution
		HideSolutionNode = FALSE
	EndGlobalSection
	GlobalSection(ExtensibilityGlobals) = postSolution
		SolutionGuid = {2381D918-D97D-42D5-A078-B474671969B7}
	EndGlobalSection
EndGlobal
